
Microsoft Visual Studio Solution File, Format Version 12.00
# Visual Studio Version 16
VisualStudioVersion = 16.0.31727.386
MinimumVisualStudioVersion = 10.0.40219.1
Project("{9A19103F-16F7-4668-BE54-9A1E7A4F7556}") = "Targil0", "Targil0\Targil0.csproj", "{7E9D4488-B345-4C72-B238-A1D8DEDCCACC}"
EndProject
Project("{9A19103F-16F7-4668-BE54-9A1E7A4F7556}") = "BL", "BL\BL.csproj", "{D18D0AAE-C141-4D15-9852-843DD8FE37FB}"
EndProject
Project("{9A19103F-16F7-4668-BE54-9A1E7A4F7556}") = "ConsoleUI_BL", "ConsoleUI_BL\ConsoleUI_BL.csproj", "{026B1E9B-6126-4AF9-8CC2-D5371D478761}"
EndProject
Project("{9A19103F-16F7-4668-BE54-9A1E7A4F7556}") = "ConsoleUI", "ConsoleUI\ConsoleUI.csproj", "{963673D8-2094-4472-B4B2-FED1A95967A9}"
EndProject
Project("{9A19103F-16F7-4668-BE54-9A1E7A4F7556}") = "PL", "PL\PL.csproj", "{7B9CE851-FA14-42CC-81F2-FF68F58B54EB}"
EndProject
Project("{2150E333-8FDC-42A3-9474-1A3956D46DE8}") = "Solution Items", "Solution Items", "{7AAE5B0D-691B-40AA-A434-0926BA0FE456}"
EndProject
Project("{2150E333-8FDC-42A3-9474-1A3956D46DE8}") = "xml", "xml", "{D94B75E5-8A3A-4220-BE9A-4A6082D964F2}"
	ProjectSection(SolutionItems) = preProject
		PL\bin\Debug\net5.0-windows\config.xml = PL\bin\Debug\net5.0-windows\config.xml
		PL\bin\Debug\net5.0-windows\Customers.xml = PL\bin\Debug\net5.0-windows\Customers.xml
		PL\bin\Debug\net5.0-windows\droneCharges.xml = PL\bin\Debug\net5.0-windows\droneCharges.xml
		PL\bin\Debug\net5.0-windows\Drones.xml = PL\bin\Debug\net5.0-windows\Drones.xml
		PL\bin\Debug\net5.0-windows\Parcels.xml = PL\bin\Debug\net5.0-windows\Parcels.xml
		PL\bin\Debug\net5.0-windows\Stations.xml = PL\bin\Debug\net5.0-windows\Stations.xml
		PL\bin\Debug\net5.0-windows\users.xml = PL\bin\Debug\net5.0-windows\users.xml
	EndProjectSection
EndProject
Project("{9A19103F-16F7-4668-BE54-9A1E7A4F7556}") = "DalLibrary", "DalLibrary\DalLibrary.csproj", "{A90DD643-B502-44D2-BE43-B88040AD646F}"
EndProject
Project("{9A19103F-16F7-4668-BE54-9A1E7A4F7556}") = "DXML", "DXML\DXML.csproj", "{A2E55C30-DEEE-4813-A454-AC19720CA2B1}"
EndProject
Global
	GlobalSection(SolutionConfigurationPlatforms) = preSolution
		Debug|Any CPU = Debug|Any CPU
		Release|Any CPU = Release|Any CPU
	EndGlobalSection
	GlobalSection(ProjectConfigurationPlatforms) = postSolution
		{7E9D4488-B345-4C72-B238-A1D8DEDCCACC}.Debug|Any CPU.ActiveCfg = Debug|Any CPU
		{7E9D4488-B345-4C72-B238-A1D8DEDCCACC}.Debug|Any CPU.Build.0 = Debug|Any CPU
		{7E9D4488-B345-4C72-B238-A1D8DEDCCACC}.Release|Any CPU.ActiveCfg = Release|Any CPU
		{7E9D4488-B345-4C72-B238-A1D8DEDCCACC}.Release|Any CPU.Build.0 = Release|Any CPU
		{D18D0AAE-C141-4D15-9852-843DD8FE37FB}.Debug|Any CPU.ActiveCfg = Debug|Any CPU
		{D18D0AAE-C141-4D15-9852-843DD8FE37FB}.Debug|Any CPU.Build.0 = Debug|Any CPU
		{D18D0AAE-C141-4D15-9852-843DD8FE37FB}.Release|Any CPU.ActiveCfg = Release|Any CPU
		{D18D0AAE-C141-4D15-9852-843DD8FE37FB}.Release|Any CPU.Build.0 = Release|Any CPU
		{026B1E9B-6126-4AF9-8CC2-D5371D478761}.Debug|Any CPU.ActiveCfg = Debug|Any CPU
		{026B1E9B-6126-4AF9-8CC2-D5371D478761}.Debug|Any CPU.Build.0 = Debug|Any CPU
		{026B1E9B-6126-4AF9-8CC2-D5371D478761}.Release|Any CPU.ActiveCfg = Release|Any CPU
		{026B1E9B-6126-4AF9-8CC2-D5371D478761}.Release|Any CPU.Build.0 = Release|Any CPU
		{963673D8-2094-4472-B4B2-FED1A95967A9}.Debug|Any CPU.ActiveCfg = Debug|Any CPU
		{963673D8-2094-4472-B4B2-FED1A95967A9}.Debug|Any CPU.Build.0 = Debug|Any CPU
		{963673D8-2094-4472-B4B2-FED1A95967A9}.Release|Any CPU.ActiveCfg = Release|Any CPU
		{963673D8-2094-4472-B4B2-FED1A95967A9}.Release|Any CPU.Build.0 = Release|Any CPU
		{7B9CE851-FA14-42CC-81F2-FF68F58B54EB}.Debug|Any CPU.ActiveCfg = Debug|Any CPU
		{7B9CE851-FA14-42CC-81F2-FF68F58B54EB}.Debug|Any CPU.Build.0 = Debug|Any CPU
		{7B9CE851-FA14-42CC-81F2-FF68F58B54EB}.Release|Any CPU.ActiveCfg = Release|Any CPU
		{7B9CE851-FA14-42CC-81F2-FF68F58B54EB}.Release|Any CPU.Build.0 = Release|Any CPU
		{A90DD643-B502-44D2-BE43-B88040AD646F}.Debug|Any CPU.ActiveCfg = Debug|Any CPU
		{A90DD643-B502-44D2-BE43-B88040AD646F}.Debug|Any CPU.Build.0 = Debug|Any CPU
		{A90DD643-B502-44D2-BE43-B88040AD646F}.Release|Any CPU.ActiveCfg = Release|Any CPU
		{A90DD643-B502-44D2-BE43-B88040AD646F}.Release|Any CPU.Build.0 = Release|Any CPU
		{A2E55C30-DEEE-4813-A454-AC19720CA2B1}.Debug|Any CPU.ActiveCfg = Debug|Any CPU
		{A2E55C30-DEEE-4813-A454-AC19720CA2B1}.Debug|Any CPU.Build.0 = Debug|Any CPU
		{A2E55C30-DEEE-4813-A454-AC19720CA2B1}.Release|Any CPU.ActiveCfg = Release|Any CPU
		{A2E55C30-DEEE-4813-A454-AC19720CA2B1}.Release|Any CPU.Build.0 = Release|Any CPU
	EndGlobalSection
	GlobalSection(SolutionProperties) = preSolution
		HideSolutionNode = FALSE
	EndGlobalSection
	GlobalSection(ExtensibilityGlobals) = postSolution
		SolutionGuid = {D6E4C400-EF72-4CEF-979D-5225C40EC379}
	EndGlobalSection
EndGlobal
