
Microsoft Visual Studio Solution File, Format Version 12.00
# Visual Studio Version 17
VisualStudioVersion = 17.3.32929.385
MinimumVisualStudioVersion = 10.0.40219.1
Project("{9A19103F-16F7-4668-BE54-9A1E7A4F7556}") = "Stage0", "Stage0\Stage0.csproj", "{8D2B9282-DE88-4876-9BEA-9062206956FC}"
EndProject
Project("{9A19103F-16F7-4668-BE54-9A1E7A4F7556}") = "DalFacade", "DalFacade\DalFacade.csproj", "{E1612873-5C0E-4CDD-AEA7-A9C49B0BC3BD}"
EndProject
Project("{9A19103F-16F7-4668-BE54-9A1E7A4F7556}") = "DalList", "DalList\DalList.csproj", "{47B04C6E-9A36-4225-A28B-D15FCB299C90}"
EndProject
Project("{9A19103F-16F7-4668-BE54-9A1E7A4F7556}") = "DalTest", "DalTest\DalTest.csproj", "{A48888CC-7137-44EB-B21B-77F92676752D}"
	ProjectSection(ProjectDependencies) = postProject
		{C477EA79-9D72-46C9-8945-112C359DAD97} = {C477EA79-9D72-46C9-8945-112C359DAD97}
	EndProjectSection
EndProject
Project("{2150E333-8FDC-42A3-9474-1A3956D46DE8}") = "Solution Items", "Solution Items", "{A234B29C-3EDE-40D2-B7DE-BD61ED69D877}"
	ProjectSection(SolutionItems) = preProject
		README.md = README.md
	EndProjectSection
EndProject
Project("{9A19103F-16F7-4668-BE54-9A1E7A4F7556}") = "BL", "BL\BL.csproj", "{30F21C68-FEDB-4BE3-87B4-AFBB722AECC1}"
	ProjectSection(ProjectDependencies) = postProject
		{C477EA79-9D72-46C9-8945-112C359DAD97} = {C477EA79-9D72-46C9-8945-112C359DAD97}
	EndProjectSection
EndProject
Project("{9A19103F-16F7-4668-BE54-9A1E7A4F7556}") = "BlTest", "BlTest\BlTest.csproj", "{CC3C3143-55A1-4F0B-A9AF-E9D058754E81}"
EndProject
Project("{9A19103F-16F7-4668-BE54-9A1E7A4F7556}") = "PL", "PL\PL.csproj", "{82337B04-0229-42FB-9BCF-06995E73A719}"
EndProject
Project("{2150E333-8FDC-42A3-9474-1A3956D46DE8}") = "xml", "xml", "{2221F0EF-AD71-4445-8B43-BA0C2B6D48AD}"
	ProjectSection(SolutionItems) = preProject
		xml\dal-config.xml = xml\dal-config.xml
	EndProjectSection
EndProject
Project("{FAE04EC0-301F-11D3-BF4B-00C04F79EFBC}") = "DalXml", "DalXml\DalXml.csproj", "{C477EA79-9D72-46C9-8945-112C359DAD97}"
EndProject
Global
	GlobalSection(SolutionConfigurationPlatforms) = preSolution
		Debug|Any CPU = Debug|Any CPU
		Release|Any CPU = Release|Any CPU
	EndGlobalSection
	GlobalSection(ProjectConfigurationPlatforms) = postSolution
		{8D2B9282-DE88-4876-9BEA-9062206956FC}.Debug|Any CPU.ActiveCfg = Debug|Any CPU
		{8D2B9282-DE88-4876-9BEA-9062206956FC}.Debug|Any CPU.Build.0 = Debug|Any CPU
		{8D2B9282-DE88-4876-9BEA-9062206956FC}.Release|Any CPU.ActiveCfg = Release|Any CPU
		{8D2B9282-DE88-4876-9BEA-9062206956FC}.Release|Any CPU.Build.0 = Release|Any CPU
		{E1612873-5C0E-4CDD-AEA7-A9C49B0BC3BD}.Debug|Any CPU.ActiveCfg = Debug|Any CPU
		{E1612873-5C0E-4CDD-AEA7-A9C49B0BC3BD}.Debug|Any CPU.Build.0 = Debug|Any CPU
		{E1612873-5C0E-4CDD-AEA7-A9C49B0BC3BD}.Release|Any CPU.ActiveCfg = Release|Any CPU
		{E1612873-5C0E-4CDD-AEA7-A9C49B0BC3BD}.Release|Any CPU.Build.0 = Release|Any CPU
		{47B04C6E-9A36-4225-A28B-D15FCB299C90}.Debug|Any CPU.ActiveCfg = Debug|Any CPU
		{47B04C6E-9A36-4225-A28B-D15FCB299C90}.Debug|Any CPU.Build.0 = Debug|Any CPU
		{47B04C6E-9A36-4225-A28B-D15FCB299C90}.Release|Any CPU.ActiveCfg = Release|Any CPU
		{47B04C6E-9A36-4225-A28B-D15FCB299C90}.Release|Any CPU.Build.0 = Release|Any CPU
		{A48888CC-7137-44EB-B21B-77F92676752D}.Debug|Any CPU.ActiveCfg = Debug|Any CPU
		{A48888CC-7137-44EB-B21B-77F92676752D}.Debug|Any CPU.Build.0 = Debug|Any CPU
		{A48888CC-7137-44EB-B21B-77F92676752D}.Release|Any CPU.ActiveCfg = Release|Any CPU
		{A48888CC-7137-44EB-B21B-77F92676752D}.Release|Any CPU.Build.0 = Release|Any CPU
		{30F21C68-FEDB-4BE3-87B4-AFBB722AECC1}.Debug|Any CPU.ActiveCfg = Debug|Any CPU
		{30F21C68-FEDB-4BE3-87B4-AFBB722AECC1}.Debug|Any CPU.Build.0 = Debug|Any CPU
		{30F21C68-FEDB-4BE3-87B4-AFBB722AECC1}.Release|Any CPU.ActiveCfg = Release|Any CPU
		{30F21C68-FEDB-4BE3-87B4-AFBB722AECC1}.Release|Any CPU.Build.0 = Release|Any CPU
		{CC3C3143-55A1-4F0B-A9AF-E9D058754E81}.Debug|Any CPU.ActiveCfg = Debug|Any CPU
		{CC3C3143-55A1-4F0B-A9AF-E9D058754E81}.Debug|Any CPU.Build.0 = Debug|Any CPU
		{CC3C3143-55A1-4F0B-A9AF-E9D058754E81}.Release|Any CPU.ActiveCfg = Release|Any CPU
		{CC3C3143-55A1-4F0B-A9AF-E9D058754E81}.Release|Any CPU.Build.0 = Release|Any CPU
		{82337B04-0229-42FB-9BCF-06995E73A719}.Debug|Any CPU.ActiveCfg = Debug|Any CPU
		{82337B04-0229-42FB-9BCF-06995E73A719}.Debug|Any CPU.Build.0 = Debug|Any CPU
		{82337B04-0229-42FB-9BCF-06995E73A719}.Release|Any CPU.ActiveCfg = Release|Any CPU
		{82337B04-0229-42FB-9BCF-06995E73A719}.Release|Any CPU.Build.0 = Release|Any CPU
		{C477EA79-9D72-46C9-8945-112C359DAD97}.Debug|Any CPU.ActiveCfg = Debug|Any CPU
		{C477EA79-9D72-46C9-8945-112C359DAD97}.Debug|Any CPU.Build.0 = Debug|Any CPU
		{C477EA79-9D72-46C9-8945-112C359DAD97}.Release|Any CPU.ActiveCfg = Release|Any CPU
		{C477EA79-9D72-46C9-8945-112C359DAD97}.Release|Any CPU.Build.0 = Release|Any CPU
	EndGlobalSection
	GlobalSection(SolutionProperties) = preSolution
		HideSolutionNode = FALSE
	EndGlobalSection
	GlobalSection(ExtensibilityGlobals) = postSolution
		SolutionGuid = {FC5D43BF-0371-4981-BCB2-052BEC79BBC6}
	EndGlobalSection
EndGlobal
